[[package]]
name = "cicada"
version = "0.1.0"
dependencies = [
 "tangle 0.1.9 (git+https://github.com/xieyuheng/tangle-rs)",
]

[[package]]
name = "tangle"
version = "0.1.9"
source = "git+https://github.com/xieyuheng/tangle-rs#b6ef62a91b20b9e8b0f27aa192f607f2a296f189"

[metadata]
"checksum tangle 0.1.9 (git+https://github.com/xieyuheng/tangle-rs)" = "<none>"
