[[package]]
name = "cicada"
version = "0.1.0"
dependencies = [
 "md-tangle-engine 0.1.4 (git+https://github.com/parsing-tech/md-rs)",
 "org-tangle-engine 0.1.9 (git+https://github.com/parsing-tech/org-rs)",
]

[[package]]
name = "md-tangle-engine"
version = "0.1.4"
source = "git+https://github.com/parsing-tech/md-rs#3ba83995ecf82f94eebeb7cddafde14e5fb31695"

[[package]]
name = "org-tangle-engine"
version = "0.1.9"
source = "git+https://github.com/parsing-tech/org-rs#08457e12c9aeceb963525be0d0fbc38e3ce102d2"

[metadata]
"checksum md-tangle-engine 0.1.4 (git+https://github.com/parsing-tech/md-rs)" = "<none>"
"checksum org-tangle-engine 0.1.9 (git+https://github.com/parsing-tech/org-rs)" = "<none>"
